
Microsoft Visual Studio Solution File, Format Version 12.00
# Visual Studio Version 16
VisualStudioVersion = 16.0.31025.194
MinimumVisualStudioVersion = 10.0.40219.1
Project("{8BC9CEB8-8B4A-11D0-8D11-00A0C91BC942}") = "Lab_01_Part_1", "Lab_01_Part_1.vcxproj", "{A891E47A-678F-4641-9B88-7F24CBC2CFED}"
EndProject
Global
	GlobalSection(SolutionConfigurationPlatforms) = preSolution
		Debug|x64 = Debug|x64
		Debug|x86 = Debug|x86
		Release|x64 = Release|x64
		Release|x86 = Release|x86
	EndGlobalSection
	GlobalSection(ProjectConfigurationPlatforms) = postSolution
		{A891E47A-678F-4641-9B88-7F24CBC2CFED}.Debug|x64.ActiveCfg = Debug|x64
		{A891E47A-678F-4641-9B88-7F24CBC2CFED}.Debug|x64.Build.0 = Debug|x64
		{A891E47A-678F-4641-9B88-7F24CBC2CFED}.Debug|x86.ActiveCfg = Debug|Win32
		{A891E47A-678F-4641-9B88-7F24CBC2CFED}.Debug|x86.Build.0 = Debug|Win32
		{A891E47A-678F-4641-9B88-7F24CBC2CFED}.Release|x64.ActiveCfg = Release|x64
		{A891E47A-678F-4641-9B88-7F24CBC2CFED}.Release|x64.Build.0 = Release|x64
		{A891E47A-678F-4641-9B88-7F24CBC2CFED}.Release|x86.ActiveCfg = Release|Win32
		{A891E47A-678F-4641-9B88-7F24CBC2CFED}.Release|x86.Build.0 = Release|Win32
	EndGlobalSection
	GlobalSection(SolutionProperties) = preSolution
		HideSolutionNode = FALSE
	EndGlobalSection
	GlobalSection(ExtensibilityGlobals) = postSolution
		SolutionGuid = {4B075032-8125-49A1-BCBA-EC948639A1B3}
	EndGlobalSection
EndGlobal
